
Microsoft Visual Studio Solution File, Format Version 12.00
# Visual Studio Version 16
VisualStudioVersion = 16.0.29926.136
MinimumVisualStudioVersion = 10.0.40219.1
Project("{FAE04EC0-301F-11D3-BF4B-00C04F79EFBC}") = "CursoRevitAPIAddin", "CursoRevitAPIAddin\CursoRevitAPIAddin.csproj", "{B4265FBA-6B32-4AC7-AE4A-E7CA5CB3B3D6}"
EndProject
Project("{FAE04EC0-301F-11D3-BF4B-00C04F79EFBC}") = "Tools", "Tools\Tools.csproj", "{036C1EFB-F800-4FE6-9BE1-BE4A1810C3EC}"
EndProject
Global
	GlobalSection(SolutionConfigurationPlatforms) = preSolution
		Debug|Any CPU = Debug|Any CPU
		Release|Any CPU = Release|Any CPU
	EndGlobalSection
	GlobalSection(ProjectConfigurationPlatforms) = postSolution
		{B4265FBA-6B32-4AC7-AE4A-E7CA5CB3B3D6}.Debug|Any CPU.ActiveCfg = Debug|Any CPU
		{B4265FBA-6B32-4AC7-AE4A-E7CA5CB3B3D6}.Debug|Any CPU.Build.0 = Debug|Any CPU
		{B4265FBA-6B32-4AC7-AE4A-E7CA5CB3B3D6}.Release|Any CPU.ActiveCfg = Release|Any CPU
		{B4265FBA-6B32-4AC7-AE4A-E7CA5CB3B3D6}.Release|Any CPU.Build.0 = Release|Any CPU
		{036C1EFB-F800-4FE6-9BE1-BE4A1810C3EC}.Debug|Any CPU.ActiveCfg = Debug|Any CPU
		{036C1EFB-F800-4FE6-9BE1-BE4A1810C3EC}.Debug|Any CPU.Build.0 = Debug|Any CPU
		{036C1EFB-F800-4FE6-9BE1-BE4A1810C3EC}.Release|Any CPU.ActiveCfg = Release|Any CPU
		{036C1EFB-F800-4FE6-9BE1-BE4A1810C3EC}.Release|Any CPU.Build.0 = Release|Any CPU
	EndGlobalSection
	GlobalSection(SolutionProperties) = preSolution
		HideSolutionNode = FALSE
	EndGlobalSection
	GlobalSection(ExtensibilityGlobals) = postSolution
		SolutionGuid = {9A98DE81-C248-4B24-905B-118A20F4BD58}
	EndGlobalSection
EndGlobal
